
Microsoft Visual Studio Solution File, Format Version 12.00
# Visual Studio Version 16
VisualStudioVersion = 16.0.31424.327
MinimumVisualStudioVersion = 10.0.40219.1
Project("{FAE04EC0-301F-11D3-BF4B-00C04F79EFBC}") = "Ghosts", "Ghosts\Ghosts.csproj", "{CAAAF039-B881-4D12-B092-2710C8DFF47B}"
EndProject
Global
	GlobalSection(SolutionConfigurationPlatforms) = preSolution
		Debug|Any CPU = Debug|Any CPU
		Release|Any CPU = Release|Any CPU
	EndGlobalSection
	GlobalSection(ProjectConfigurationPlatforms) = postSolution
		{CAAAF039-B881-4D12-B092-2710C8DFF47B}.Debug|Any CPU.ActiveCfg = Debug|Any CPU
		{CAAAF039-B881-4D12-B092-2710C8DFF47B}.Debug|Any CPU.Build.0 = Debug|Any CPU
		{CAAAF039-B881-4D12-B092-2710C8DFF47B}.Release|Any CPU.ActiveCfg = Release|Any CPU
		{CAAAF039-B881-4D12-B092-2710C8DFF47B}.Release|Any CPU.Build.0 = Release|Any CPU
	EndGlobalSection
	GlobalSection(SolutionProperties) = preSolution
		HideSolutionNode = FALSE
	EndGlobalSection
	GlobalSection(ExtensibilityGlobals) = postSolution
		SolutionGuid = {AE45FA11-FCFA-44B3-A198-B7BE5A966DC2}
	EndGlobalSection
EndGlobal
